
Microsoft Visual Studio Solution File, Format Version 11.00
# Visual Studio 2010
Project("{FAE04EC0-301F-11D3-BF4B-00C04F79EFBC}") = "TwitterOnVaadinService", "TwitterOnVaadinService\TwitterOnVaadinService.csproj", "{73B89EC9-C021-44BA-B314-36D3B7C2AFA8}"
EndProject
Project("{FAE04EC0-301F-11D3-BF4B-00C04F79EFBC}") = "DBaseAgent", "DBaseAgent\DBaseAgent.csproj", "{A030CDEB-AAE1-443B-91DE-8C9A05CE1953}"
EndProject
Global
	GlobalSection(SolutionConfigurationPlatforms) = preSolution
		Debug|Any CPU = Debug|Any CPU
		Release|Any CPU = Release|Any CPU
	EndGlobalSection
	GlobalSection(ProjectConfigurationPlatforms) = postSolution
		{73B89EC9-C021-44BA-B314-36D3B7C2AFA8}.Debug|Any CPU.ActiveCfg = Debug|Any CPU
		{73B89EC9-C021-44BA-B314-36D3B7C2AFA8}.Debug|Any CPU.Build.0 = Debug|Any CPU
		{73B89EC9-C021-44BA-B314-36D3B7C2AFA8}.Release|Any CPU.ActiveCfg = Release|Any CPU
		{73B89EC9-C021-44BA-B314-36D3B7C2AFA8}.Release|Any CPU.Build.0 = Release|Any CPU
		{A030CDEB-AAE1-443B-91DE-8C9A05CE1953}.Debug|Any CPU.ActiveCfg = Debug|Any CPU
		{A030CDEB-AAE1-443B-91DE-8C9A05CE1953}.Debug|Any CPU.Build.0 = Debug|Any CPU
		{A030CDEB-AAE1-443B-91DE-8C9A05CE1953}.Release|Any CPU.ActiveCfg = Release|Any CPU
		{A030CDEB-AAE1-443B-91DE-8C9A05CE1953}.Release|Any CPU.Build.0 = Release|Any CPU
	EndGlobalSection
	GlobalSection(SolutionProperties) = preSolution
		HideSolutionNode = FALSE
	EndGlobalSection
EndGlobal
